
Microsoft Visual Studio Solution File, Format Version 12.00
# Visual Studio Version 17
VisualStudioVersion = 17.8.34525.116
MinimumVisualStudioVersion = 10.0.40219.1
Project("{8BC9CEB8-8B4A-11D0-8D11-00A0C91BC942}") = "add_subtract_2_nums_fun", "add_subtract_2_nums_fun.vcxproj", "{B835A4CF-DE51-4FCD-A607-E4ABC3B751D4}"
EndProject
Global
	GlobalSection(SolutionConfigurationPlatforms) = preSolution
		Debug|x64 = Debug|x64
		Debug|x86 = Debug|x86
		Release|x64 = Release|x64
		Release|x86 = Release|x86
	EndGlobalSection
	GlobalSection(ProjectConfigurationPlatforms) = postSolution
		{B835A4CF-DE51-4FCD-A607-E4ABC3B751D4}.Debug|x64.ActiveCfg = Debug|x64
		{B835A4CF-DE51-4FCD-A607-E4ABC3B751D4}.Debug|x64.Build.0 = Debug|x64
		{B835A4CF-DE51-4FCD-A607-E4ABC3B751D4}.Debug|x86.ActiveCfg = Debug|Win32
		{B835A4CF-DE51-4FCD-A607-E4ABC3B751D4}.Debug|x86.Build.0 = Debug|Win32
		{B835A4CF-DE51-4FCD-A607-E4ABC3B751D4}.Release|x64.ActiveCfg = Release|x64
		{B835A4CF-DE51-4FCD-A607-E4ABC3B751D4}.Release|x64.Build.0 = Release|x64
		{B835A4CF-DE51-4FCD-A607-E4ABC3B751D4}.Release|x86.ActiveCfg = Release|Win32
		{B835A4CF-DE51-4FCD-A607-E4ABC3B751D4}.Release|x86.Build.0 = Release|Win32
	EndGlobalSection
	GlobalSection(SolutionProperties) = preSolution
		HideSolutionNode = FALSE
	EndGlobalSection
	GlobalSection(ExtensibilityGlobals) = postSolution
		SolutionGuid = {665DB5C9-D461-4693-93D5-47E148C82D0A}
	EndGlobalSection
EndGlobal
